{
	"name": "nuist-vpn",
	"lockfileVersion": 3,
	"requires": true,
	"packages": {
		"": {
			"name": "nuist-vpn",
			"license": "Apache-2.0",
			"devDependencies": {
				"@types/chrome": "^0.1.43",
				"prettier": "^3.8.3",
				"typescript": "^6.0.3"
			},
			"funding": {
				"url": "https://ko-fi.com/qwertycxz"
			}
		},
		"node_modules/@types/chrome": {
			"version": "0.1.43",
			"resolved": "https://registry.npmjs.org/@types/chrome/-/chrome-0.1.43.tgz",
			"integrity": "sha512-ukH/HhmR6ht+UTX3PLUWJxgJ/RQcK2Foj4lBzsF24SIWsXgqhGuXqjd8FFuwioPP7d/JUKLM4g8GZxw3F4HTcA==",
			"dev": true,
			"license": "MIT",
			"dependencies": {
				"@types/filesystem": "*",
				"@types/har-format": "*"
			}
		},
		"node_modules/@types/filesystem": {
			"version": "0.0.36",
			"resolved": "https://registry.npmjs.org/@types/filesystem/-/filesystem-0.0.36.tgz",
			"integrity": "sha512-vPDXOZuannb9FZdxgHnqSwAG/jvdGM8Wq+6N4D/d80z+D4HWH+bItqsZaVRQykAn6WEVeEkLm2oQigyHtgb0RA==",
			"dev": true,
			"license": "MIT",
			"dependencies": {
				"@types/filewriter": "*"
			}
		},
		"node_modules/@types/filewriter": {
			"version": "0.0.33",
			"resolved": "https://registry.npmjs.org/@types/filewriter/-/filewriter-0.0.33.tgz",
			"integrity": "sha512-xFU8ZXTw4gd358lb2jw25nxY9QAgqn2+bKKjKOYfNCzN4DKCFetK7sPtrlpg66Ywe3vWY9FNxprZawAh9wfJ3g==",
			"dev": true,
			"license": "MIT"
		},
		"node_modules/@types/har-format": {
			"version": "1.2.16",
			"resolved": "https://registry.npmjs.org/@types/har-format/-/har-format-1.2.16.tgz",
			"integrity": "sha512-fluxdy7ryD3MV6h8pTfTYpy/xQzCFC7m89nOH9y94cNqJ1mDIDPut7MnRHI3F6qRmh/cT2fUjG1MLdCNb4hE9A==",
			"dev": true,
			"license": "MIT"
		},
		"node_modules/prettier": {
			"version": "3.8.3",
			"resolved": "https://registry.npmjs.org/prettier/-/prettier-3.8.3.tgz",
			"integrity": "sha512-7igPTM53cGHMW8xWuVTydi2KO233VFiTNyF5hLJqpilHfmn8C8gPf+PS7dUT64YcXFbiMGZxS9pCSxL/Dxm/Jw==",
			"dev": true,
			"license": "MIT",
			"bin": {
				"prettier": "bin/prettier.cjs"
			},
			"engines": {
				"node": ">=14"
			},
			"funding": {
				"url": "https://github.com/prettier/prettier?sponsor=1"
			}
		},
		"node_modules/typescript": {
			"version": "6.0.3",
			"resolved": "https://registry.npmjs.org/typescript/-/typescript-6.0.3.tgz",
			"integrity": "sha512-y2TvuxSZPDyQakkFRPZHKFm+KKVqIisdg9/CZwm9ftvKXLP8NRWj38/ODjNbr43SsoXqNuAisEf1GdCxqWcdBw==",
			"dev": true,
			"license": "Apache-2.0",
			"bin": {
				"tsc": "bin/tsc",
				"tsserver": "bin/tsserver"
			},
			"engines": {
				"node": ">=14.17"
			}
		}
	}
}
